
Microsoft Visual Studio Solution File, Format Version 12.00
# Visual Studio Version 17
VisualStudioVersion = 17.11.35219.272
MinimumVisualStudioVersion = 10.0.40219.1
Project("{FAE04EC0-301F-11D3-BF4B-00C04F79EFBC}") = "GruppÖvningGithub", "GruppÖvningGithub.csproj", "{C88B9B9A-0005-48D1-8067-A1D20AEF15D7}"
EndProject
Global
	GlobalSection(SolutionConfigurationPlatforms) = preSolution
		Debug|Any CPU = Debug|Any CPU
		Release|Any CPU = Release|Any CPU
	EndGlobalSection
	GlobalSection(ProjectConfigurationPlatforms) = postSolution
		{C88B9B9A-0005-48D1-8067-A1D20AEF15D7}.Debug|Any CPU.ActiveCfg = Debug|Any CPU
		{C88B9B9A-0005-48D1-8067-A1D20AEF15D7}.Debug|Any CPU.Build.0 = Debug|Any CPU
		{C88B9B9A-0005-48D1-8067-A1D20AEF15D7}.Release|Any CPU.ActiveCfg = Release|Any CPU
		{C88B9B9A-0005-48D1-8067-A1D20AEF15D7}.Release|Any CPU.Build.0 = Release|Any CPU
	EndGlobalSection
	GlobalSection(SolutionProperties) = preSolution
		HideSolutionNode = FALSE
	EndGlobalSection
	GlobalSection(ExtensibilityGlobals) = postSolution
		SolutionGuid = {BCFBC5DC-F9F2-4442-9694-132E4A2930EA}
	EndGlobalSection
EndGlobal
